{
  "version": 4,
  "terraform_version": "1.7.2",
  "serial": 11,
  "lineage": "4f050ded-d617-fd3d-d2bb-0d4c1c55eed9",
  "outputs": {
    "webapp_ips": {
      "value": "20.93.49.205,20.93.51.231,20.93.52.180,20.93.52.234,20.93.53.119,20.93.53.255,20.107.224.35",
      "type": "string"
    },
    "webapp_url": {
      "value": "task-board-var12.azurewebsites.net",
      "type": "string"
    }
  },
  "resources": [
    {
      "mode": "managed",
      "type": "azurerm_app_service_source_control",
      "name": "sourcecontrol",
      "provider": "provider[\"registry.terraform.io/hashicorp/azurerm\"]",
      "instances": [
        {
          "schema_version": 0,
          "attributes": {
            "app_id": "/subscriptions/0ad3f021-5432-4eee-a914-e4a971d7eade/resourceGroups/TaskBoardRGVar12/providers/Microsoft.Web/sites/task-board-var12",
            "branch": "main",
            "github_action_configuration": [],
            "id": "/subscriptions/0ad3f021-5432-4eee-a914-e4a971d7eade/resourceGroups/TaskBoardRGVar12/providers/Microsoft.Web/sites/task-board-var12",
            "repo_url": "https://github.com/KaiserDMC/TaskBoardTerra-DevOps",
            "rollback_enabled": false,
            "scm_type": "ExternalGit",
            "timeouts": null,
            "use_local_git": false,
            "use_manual_integration": true,
            "use_mercurial": false,
            "uses_github_action": false
          },
          "sensitive_attributes": [],
          "private": "eyJlMmJmYjczMC1lY2FhLTExZTYtOGY4OC0zNDM2M2JjN2M0YzAiOnsiY3JlYXRlIjoxODAwMDAwMDAwMDAwLCJkZWxldGUiOjE4MDAwMDAwMDAwMDAsInJlYWQiOjMwMDAwMDAwMDAwMH19",
          "dependencies": [
            "azurerm_linux_web_app.webapp",
            "azurerm_mssql_database.db",
            "azurerm_mssql_server.mssql",
            "azurerm_resource_group.rg",
            "azurerm_service_plan.azasp"
          ]
        }
      ]
    },
    {
      "mode": "managed",
      "type": "azurerm_linux_web_app",
      "name": "webapp",
      "provider": "provider[\"registry.terraform.io/hashicorp/azurerm\"]",
      "instances": [
        {
          "schema_version": 0,
          "attributes": {
            "app_settings": null,
            "auth_settings": [
              {
                "active_directory": [],
                "additional_login_parameters": {},
                "allowed_external_redirect_urls": [],
                "default_provider": "",
                "enabled": false,
                "facebook": [],
                "github": [],
                "google": [],
                "issuer": "",
                "microsoft": [],
                "runtime_version": "",
                "token_refresh_extension_hours": 0,
                "token_store_enabled": false,
                "twitter": [],
                "unauthenticated_client_action": ""
              }
            ],
            "backup": [],
            "client_affinity_enabled": false,
            "client_certificate_enabled": false,
            "client_certificate_mode": "Required",
            "connection_string": [
              {
                "name": "DefaultConnection",
                "type": "SQLAzure",
                "value": "Data Source=tcp:task-board-sql-var12.database.windows.net,1433;Initial Catalog=TaskBoardDBVar12;User ID=user01;Password=@Aa123456789!;Trusted_Connection=False; MultipleActiveResultSets=True;"
              }
            ],
            "custom_domain_verification_id": "D75CCE7F7508776F2F0D5CD5D940AD270ACBFD7BF03DD18CE1FB7BAE6E327C87",
            "default_hostname": "task-board-var12.azurewebsites.net",
            "enabled": true,
            "https_only": false,
            "id": "/subscriptions/0ad3f021-5432-4eee-a914-e4a971d7eade/resourceGroups/TaskBoardRGVar12/providers/Microsoft.Web/sites/task-board-var12",
            "identity": [],
            "key_vault_reference_identity_id": "SystemAssigned",
            "kind": "app,linux",
            "location": "northeurope",
            "logs": [],
            "name": "task-board-var12",
            "outbound_ip_address_list": [
              "20.93.49.205",
              "20.93.51.231",
              "20.93.52.180",
              "20.93.52.234",
              "20.93.53.119",
              "20.93.53.255",
              "20.107.224.35"
            ],
            "outbound_ip_addresses": "20.93.49.205,20.93.51.231,20.93.52.180,20.93.52.234,20.93.53.119,20.93.53.255,20.107.224.35",
            "possible_outbound_ip_address_list": [
              "20.93.49.205",
              "20.93.51.231",
              "20.93.52.180",
              "20.93.52.234",
              "20.93.53.119",
              "20.93.53.255",
              "20.93.54.173",
              "20.93.54.193",
              "20.93.54.202",
              "20.93.55.5",
              "20.93.55.16",
              "20.93.55.30",
              "20.93.55.68",
              "20.93.55.75",
              "20.93.55.85",
              "20.93.55.117",
              "20.93.55.139",
              "20.93.55.175",
              "20.93.55.214",
              "20.93.55.238",
              "20.107.160.6",
              "20.107.160.29",
              "20.107.160.63",
              "20.107.160.66",
              "20.107.224.35"
            ],
            "possible_outbound_ip_addresses": "20.93.49.205,20.93.51.231,20.93.52.180,20.93.52.234,20.93.53.119,20.93.53.255,20.93.54.173,20.93.54.193,20.93.54.202,20.93.55.5,20.93.55.16,20.93.55.30,20.93.55.68,20.93.55.75,20.93.55.85,20.93.55.117,20.93.55.139,20.93.55.175,20.93.55.214,20.93.55.238,20.107.160.6,20.107.160.29,20.107.160.63,20.107.160.66,20.107.224.35",
            "resource_group_name": "TaskBoardRGVar12",
            "service_plan_id": "/subscriptions/0ad3f021-5432-4eee-a914-e4a971d7eade/resourceGroups/TaskBoardRGVar12/providers/Microsoft.Web/serverfarms/task-board-plan-var12",
            "site_config": [
              {
                "always_on": false,
                "api_definition_url": "",
                "api_management_api_id": "",
                "app_command_line": "",
                "application_stack": [
                  {
                    "docker_image": "",
                    "docker_image_tag": "",
                    "dotnet_version": "6.0",
                    "java_server": "",
                    "java_server_version": "",
                    "java_version": "",
                    "node_version": "",
                    "php_version": "",
                    "python_version": "",
                    "ruby_version": ""
                  }
                ],
                "auto_heal_enabled": false,
                "auto_heal_setting": [],
                "container_registry_managed_identity_client_id": "",
                "container_registry_use_managed_identity": false,
                "cors": [],
                "default_documents": [
                  "Default.htm",
                  "Default.html",
                  "Default.asp",
                  "index.htm",
                  "index.html",
                  "iisstart.htm",
                  "default.aspx",
                  "index.php",
                  "hostingstart.html"
                ],
                "detailed_error_logging_enabled": false,
                "ftps_state": "Disabled",
                "health_check_eviction_time_in_min": 0,
                "health_check_path": "",
                "http2_enabled": false,
                "ip_restriction": [],
                "linux_fx_version": "DOTNETCORE|6.0",
                "load_balancing_mode": "LeastRequests",
                "local_mysql_enabled": false,
                "managed_pipeline_mode": "Integrated",
                "minimum_tls_version": "1.2",
                "remote_debugging_enabled": false,
                "remote_debugging_version": "VS2019",
                "scm_ip_restriction": [],
                "scm_minimum_tls_version": "1.2",
                "scm_type": "None",
                "scm_use_main_ip_restriction": false,
                "use_32_bit_worker": true,
                "vnet_route_all_enabled": false,
                "websockets_enabled": false,
                "worker_count": 1
              }
            ],
            "site_credential": [
              {
                "name": "$task-board-var12",
                "password": "WtRcihxq0PRjPiTMoDaHvF1n7EoF7XZS00M9taHw9bitdfGvLGMwvrrRmBTE"
              }
            ],
            "storage_account": [],
            "tags": null,
            "timeouts": null
          },
          "sensitive_attributes": [
            [
              {
                "type": "get_attr",
                "value": "connection_string"
              }
            ]
          ],
          "private": "eyJlMmJmYjczMC1lY2FhLTExZTYtOGY4OC0zNDM2M2JjN2M0YzAiOnsiY3JlYXRlIjoxODAwMDAwMDAwMDAwLCJkZWxldGUiOjE4MDAwMDAwMDAwMDAsInJlYWQiOjMwMDAwMDAwMDAwMCwidXBkYXRlIjoxODAwMDAwMDAwMDAwfX0=",
          "dependencies": [
            "azurerm_mssql_database.db",
            "azurerm_mssql_server.mssql",
            "azurerm_resource_group.rg",
            "azurerm_service_plan.azasp"
          ]
        }
      ]
    },
    {
      "mode": "managed",
      "type": "azurerm_mssql_database",
      "name": "db",
      "provider": "provider[\"registry.terraform.io/hashicorp/azurerm\"]",
      "instances": [
        {
          "schema_version": 1,
          "attributes": {
            "auto_pause_delay_in_minutes": 0,
            "collation": "SQL_Latin1_General_CP1_CI_AS",
            "create_mode": "Default",
            "creation_source_database_id": null,
            "elastic_pool_id": "",
            "geo_backup_enabled": true,
            "id": "/subscriptions/0ad3f021-5432-4eee-a914-e4a971d7eade/resourceGroups/TaskBoardRGVar12/providers/Microsoft.Sql/servers/task-board-sql-var12/databases/TaskBoardDBVar12",
            "license_type": "",
            "long_term_retention_policy": [
              {
                "monthly_retention": "PT0S",
                "week_of_year": 0,
                "weekly_retention": "PT0S",
                "yearly_retention": "PT0S"
              }
            ],
            "max_size_gb": 2,
            "min_capacity": 0,
            "name": "TaskBoardDBVar12",
            "read_replica_count": 0,
            "read_scale": false,
            "recover_database_id": null,
            "restore_dropped_database_id": null,
            "restore_point_in_time": null,
            "sample_name": null,
            "server_id": "/subscriptions/0ad3f021-5432-4eee-a914-e4a971d7eade/resourceGroups/TaskBoardRGVar12/providers/Microsoft.Sql/servers/task-board-sql-var12",
            "short_term_retention_policy": [
              {
                "retention_days": 7
              }
            ],
            "sku_name": "S0",
            "storage_account_type": "Geo",
            "tags": {},
            "threat_detection_policy": [
              {
                "disabled_alerts": [],
                "email_account_admins": "Disabled",
                "email_addresses": [],
                "retention_days": 0,
                "state": "Disabled",
                "storage_account_access_key": "",
                "storage_endpoint": ""
              }
            ],
            "timeouts": null,
            "transparent_data_encryption_enabled": true,
            "zone_redundant": false
          },
          "sensitive_attributes": [],
          "private": "eyJlMmJmYjczMC1lY2FhLTExZTYtOGY4OC0zNDM2M2JjN2M0YzAiOnsiY3JlYXRlIjozNjAwMDAwMDAwMDAwLCJkZWxldGUiOjM2MDAwMDAwMDAwMDAsInJlYWQiOjMwMDAwMDAwMDAwMCwidXBkYXRlIjozNjAwMDAwMDAwMDAwfSwic2NoZW1hX3ZlcnNpb24iOiIxIn0=",
          "dependencies": [
            "azurerm_mssql_server.mssql",
            "azurerm_resource_group.rg"
          ]
        }
      ]
    },
    {
      "mode": "managed",
      "type": "azurerm_mssql_firewall_rule",
      "name": "firewall",
      "provider": "provider[\"registry.terraform.io/hashicorp/azurerm\"]",
      "instances": [
        {
          "schema_version": 0,
          "attributes": {
            "end_ip_address": "0.0.0.0",
            "id": "/subscriptions/0ad3f021-5432-4eee-a914-e4a971d7eade/resourceGroups/TaskBoardRGVar12/providers/Microsoft.Sql/servers/task-board-sql-var12/firewallRules/TaskBoardFirewallRuleVar12",
            "name": "TaskBoardFirewallRuleVar12",
            "server_id": "/subscriptions/0ad3f021-5432-4eee-a914-e4a971d7eade/resourceGroups/TaskBoardRGVar12/providers/Microsoft.Sql/servers/task-board-sql-var12",
            "start_ip_address": "0.0.0.0",
            "timeouts": null
          },
          "sensitive_attributes": [],
          "private": "eyJlMmJmYjczMC1lY2FhLTExZTYtOGY4OC0zNDM2M2JjN2M0YzAiOnsiY3JlYXRlIjoxODAwMDAwMDAwMDAwLCJkZWxldGUiOjE4MDAwMDAwMDAwMDAsInJlYWQiOjMwMDAwMDAwMDAwMCwidXBkYXRlIjoxODAwMDAwMDAwMDAwfX0=",
          "dependencies": [
            "azurerm_mssql_server.mssql",
            "azurerm_resource_group.rg"
          ]
        }
      ]
    },
    {
      "mode": "managed",
      "type": "azurerm_mssql_server",
      "name": "mssql",
      "provider": "provider[\"registry.terraform.io/hashicorp/azurerm\"]",
      "instances": [
        {
          "schema_version": 0,
          "attributes": {
            "administrator_login": "user01",
            "administrator_login_password": "@Aa123456789!",
            "azuread_administrator": [],
            "connection_policy": "Default",
            "fully_qualified_domain_name": "task-board-sql-var12.database.windows.net",
            "id": "/subscriptions/0ad3f021-5432-4eee-a914-e4a971d7eade/resourceGroups/TaskBoardRGVar12/providers/Microsoft.Sql/servers/task-board-sql-var12",
            "identity": [],
            "location": "northeurope",
            "minimum_tls_version": "1.2",
            "name": "task-board-sql-var12",
            "outbound_network_restriction_enabled": false,
            "primary_user_assigned_identity_id": "",
            "public_network_access_enabled": true,
            "resource_group_name": "TaskBoardRGVar12",
            "restorable_dropped_database_ids": [],
            "tags": {},
            "timeouts": null,
            "version": "12.0"
          },
          "sensitive_attributes": [],
          "private": "eyJlMmJmYjczMC1lY2FhLTExZTYtOGY4OC0zNDM2M2JjN2M0YzAiOnsiY3JlYXRlIjozNjAwMDAwMDAwMDAwLCJkZWxldGUiOjM2MDAwMDAwMDAwMDAsInJlYWQiOjMwMDAwMDAwMDAwMCwidXBkYXRlIjozNjAwMDAwMDAwMDAwfX0=",
          "dependencies": [
            "azurerm_resource_group.rg"
          ]
        }
      ]
    },
    {
      "mode": "managed",
      "type": "azurerm_resource_group",
      "name": "rg",
      "provider": "provider[\"registry.terraform.io/hashicorp/azurerm\"]",
      "instances": [
        {
          "schema_version": 0,
          "attributes": {
            "id": "/subscriptions/0ad3f021-5432-4eee-a914-e4a971d7eade/resourceGroups/TaskBoardRGVar12",
            "location": "northeurope",
            "name": "TaskBoardRGVar12",
            "tags": {},
            "timeouts": null
          },
          "sensitive_attributes": [],
          "private": "eyJlMmJmYjczMC1lY2FhLTExZTYtOGY4OC0zNDM2M2JjN2M0YzAiOnsiY3JlYXRlIjo1NDAwMDAwMDAwMDAwLCJkZWxldGUiOjU0MDAwMDAwMDAwMDAsInJlYWQiOjMwMDAwMDAwMDAwMCwidXBkYXRlIjo1NDAwMDAwMDAwMDAwfX0="
        }
      ]
    },
    {
      "mode": "managed",
      "type": "azurerm_service_plan",
      "name": "azasp",
      "provider": "provider[\"registry.terraform.io/hashicorp/azurerm\"]",
      "instances": [
        {
          "schema_version": 0,
          "attributes": {
            "app_service_environment_id": "",
            "id": "/subscriptions/0ad3f021-5432-4eee-a914-e4a971d7eade/resourceGroups/TaskBoardRGVar12/providers/Microsoft.Web/serverfarms/task-board-plan-var12",
            "kind": "linux",
            "location": "northeurope",
            "maximum_elastic_worker_count": 1,
            "name": "task-board-plan-var12",
            "os_type": "Linux",
            "per_site_scaling_enabled": false,
            "reserved": true,
            "resource_group_name": "TaskBoardRGVar12",
            "sku_name": "F1",
            "tags": null,
            "timeouts": null,
            "worker_count": 1
          },
          "sensitive_attributes": [],
          "private": "eyJlMmJmYjczMC1lY2FhLTExZTYtOGY4OC0zNDM2M2JjN2M0YzAiOnsiY3JlYXRlIjozNjAwMDAwMDAwMDAwLCJkZWxldGUiOjM2MDAwMDAwMDAwMDAsInJlYWQiOjMwMDAwMDAwMDAwMCwidXBkYXRlIjozNjAwMDAwMDAwMDAwfX0=",
          "dependencies": [
            "azurerm_resource_group.rg"
          ]
        }
      ]
    }
  ],
  "check_results": null
}
