
Microsoft Visual Studio Solution File, Format Version 12.00
# Visual Studio Version 16
VisualStudioVersion = 16.0.32602.291
MinimumVisualStudioVersion = 10.0.40219.1
Project("{FAE04EC0-301F-11D3-BF4B-00C04F79EFBC}") = "GuineaPig", "GuineaPig\GuineaPig.csproj", "{941B4FEA-5A01-4936-AE6A-E585D1611C0E}"
EndProject
Global
	GlobalSection(SolutionConfigurationPlatforms) = preSolution
		Debug|Any CPU = Debug|Any CPU
		Release|Any CPU = Release|Any CPU
	EndGlobalSection
	GlobalSection(ProjectConfigurationPlatforms) = postSolution
		{941B4FEA-5A01-4936-AE6A-E585D1611C0E}.Debug|Any CPU.ActiveCfg = Debug|Any CPU
		{941B4FEA-5A01-4936-AE6A-E585D1611C0E}.Debug|Any CPU.Build.0 = Debug|Any CPU
		{941B4FEA-5A01-4936-AE6A-E585D1611C0E}.Release|Any CPU.ActiveCfg = Release|Any CPU
		{941B4FEA-5A01-4936-AE6A-E585D1611C0E}.Release|Any CPU.Build.0 = Release|Any CPU
	EndGlobalSection
	GlobalSection(SolutionProperties) = preSolution
		HideSolutionNode = FALSE
	EndGlobalSection
	GlobalSection(ExtensibilityGlobals) = postSolution
		SolutionGuid = {C8FD82BF-EA45-429E-A0AA-ED86731B16A4}
	EndGlobalSection
EndGlobal
