
Microsoft Visual Studio Solution File, Format Version 12.00
# Visual Studio Version 16
VisualStudioVersion = 16.0.32510.428
MinimumVisualStudioVersion = 10.0.40219.1
Project("{FAE04EC0-301F-11D3-BF4B-00C04F79EFBC}") = "Train", "Train\Train.csproj", "{494A2E5F-3E3F-4D9F-BADC-B6F6547245BD}"
EndProject
Project("{FAE04EC0-301F-11D3-BF4B-00C04F79EFBC}") = "CommonElements", "CommonElements\CommonElements.csproj", "{C6E23818-92A6-4E27-8EE1-607B447170F8}"
EndProject
Project("{FAE04EC0-301F-11D3-BF4B-00C04F79EFBC}") = "Zig-ZagArrays", "Zig-ZagArrays\Zig-ZagArrays.csproj", "{1E2CD200-7E89-4641-8AAD-DCC919F0B74D}"
EndProject
Project("{FAE04EC0-301F-11D3-BF4B-00C04F79EFBC}") = "ArrayRotation", "ArrayRotation\ArrayRotation.csproj", "{EC5516C9-70D9-40F8-BFD9-9D375EF6B5B1}"
EndProject
Project("{FAE04EC0-301F-11D3-BF4B-00C04F79EFBC}") = "TopIntegers", "TopIntegers\TopIntegers.csproj", "{804B44A6-8C10-42F1-9F88-9F4428A4B5E6}"
EndProject
Global
	GlobalSection(SolutionConfigurationPlatforms) = preSolution
		Debug|Any CPU = Debug|Any CPU
		Release|Any CPU = Release|Any CPU
	EndGlobalSection
	GlobalSection(ProjectConfigurationPlatforms) = postSolution
		{494A2E5F-3E3F-4D9F-BADC-B6F6547245BD}.Debug|Any CPU.ActiveCfg = Debug|Any CPU
		{494A2E5F-3E3F-4D9F-BADC-B6F6547245BD}.Debug|Any CPU.Build.0 = Debug|Any CPU
		{494A2E5F-3E3F-4D9F-BADC-B6F6547245BD}.Release|Any CPU.ActiveCfg = Release|Any CPU
		{494A2E5F-3E3F-4D9F-BADC-B6F6547245BD}.Release|Any CPU.Build.0 = Release|Any CPU
		{C6E23818-92A6-4E27-8EE1-607B447170F8}.Debug|Any CPU.ActiveCfg = Debug|Any CPU
		{C6E23818-92A6-4E27-8EE1-607B447170F8}.Debug|Any CPU.Build.0 = Debug|Any CPU
		{C6E23818-92A6-4E27-8EE1-607B447170F8}.Release|Any CPU.ActiveCfg = Release|Any CPU
		{C6E23818-92A6-4E27-8EE1-607B447170F8}.Release|Any CPU.Build.0 = Release|Any CPU
		{1E2CD200-7E89-4641-8AAD-DCC919F0B74D}.Debug|Any CPU.ActiveCfg = Debug|Any CPU
		{1E2CD200-7E89-4641-8AAD-DCC919F0B74D}.Debug|Any CPU.Build.0 = Debug|Any CPU
		{1E2CD200-7E89-4641-8AAD-DCC919F0B74D}.Release|Any CPU.ActiveCfg = Release|Any CPU
		{1E2CD200-7E89-4641-8AAD-DCC919F0B74D}.Release|Any CPU.Build.0 = Release|Any CPU
		{EC5516C9-70D9-40F8-BFD9-9D375EF6B5B1}.Debug|Any CPU.ActiveCfg = Debug|Any CPU
		{EC5516C9-70D9-40F8-BFD9-9D375EF6B5B1}.Debug|Any CPU.Build.0 = Debug|Any CPU
		{EC5516C9-70D9-40F8-BFD9-9D375EF6B5B1}.Release|Any CPU.ActiveCfg = Release|Any CPU
		{EC5516C9-70D9-40F8-BFD9-9D375EF6B5B1}.Release|Any CPU.Build.0 = Release|Any CPU
		{804B44A6-8C10-42F1-9F88-9F4428A4B5E6}.Debug|Any CPU.ActiveCfg = Debug|Any CPU
		{804B44A6-8C10-42F1-9F88-9F4428A4B5E6}.Debug|Any CPU.Build.0 = Debug|Any CPU
		{804B44A6-8C10-42F1-9F88-9F4428A4B5E6}.Release|Any CPU.ActiveCfg = Release|Any CPU
		{804B44A6-8C10-42F1-9F88-9F4428A4B5E6}.Release|Any CPU.Build.0 = Release|Any CPU
	EndGlobalSection
	GlobalSection(SolutionProperties) = preSolution
		HideSolutionNode = FALSE
	EndGlobalSection
	GlobalSection(ExtensibilityGlobals) = postSolution
		SolutionGuid = {8361FA40-C7C7-473B-A971-010716641DAA}
	EndGlobalSection
EndGlobal
