
Microsoft Visual Studio Solution File, Format Version 12.00
# Visual Studio Version 16
VisualStudioVersion = 16.0.32630.194
MinimumVisualStudioVersion = 10.0.40219.1
Project("{FAE04EC0-301F-11D3-BF4B-00C04F79EFBC}") = "TheImitationGame", "TheImitationGame\TheImitationGame.csproj", "{483D28B2-A72E-47A4-B68B-BD19EE85AA6A}"
EndProject
Project("{FAE04EC0-301F-11D3-BF4B-00C04F79EFBC}") = "AdAstra", "AdAstra\AdAstra.csproj", "{672ECAC6-A1BB-43FA-A9B5-CC8DD8D0B6AF}"
EndProject
Project("{FAE04EC0-301F-11D3-BF4B-00C04F79EFBC}") = "ThePianist", "ThePianist\ThePianist.csproj", "{069D4F31-E61B-4877-BCE3-42D51C4E9402}"
EndProject
Global
	GlobalSection(SolutionConfigurationPlatforms) = preSolution
		Debug|Any CPU = Debug|Any CPU
		Release|Any CPU = Release|Any CPU
	EndGlobalSection
	GlobalSection(ProjectConfigurationPlatforms) = postSolution
		{483D28B2-A72E-47A4-B68B-BD19EE85AA6A}.Debug|Any CPU.ActiveCfg = Debug|Any CPU
		{483D28B2-A72E-47A4-B68B-BD19EE85AA6A}.Debug|Any CPU.Build.0 = Debug|Any CPU
		{483D28B2-A72E-47A4-B68B-BD19EE85AA6A}.Release|Any CPU.ActiveCfg = Release|Any CPU
		{483D28B2-A72E-47A4-B68B-BD19EE85AA6A}.Release|Any CPU.Build.0 = Release|Any CPU
		{672ECAC6-A1BB-43FA-A9B5-CC8DD8D0B6AF}.Debug|Any CPU.ActiveCfg = Debug|Any CPU
		{672ECAC6-A1BB-43FA-A9B5-CC8DD8D0B6AF}.Debug|Any CPU.Build.0 = Debug|Any CPU
		{672ECAC6-A1BB-43FA-A9B5-CC8DD8D0B6AF}.Release|Any CPU.ActiveCfg = Release|Any CPU
		{672ECAC6-A1BB-43FA-A9B5-CC8DD8D0B6AF}.Release|Any CPU.Build.0 = Release|Any CPU
		{069D4F31-E61B-4877-BCE3-42D51C4E9402}.Debug|Any CPU.ActiveCfg = Debug|Any CPU
		{069D4F31-E61B-4877-BCE3-42D51C4E9402}.Debug|Any CPU.Build.0 = Debug|Any CPU
		{069D4F31-E61B-4877-BCE3-42D51C4E9402}.Release|Any CPU.ActiveCfg = Release|Any CPU
		{069D4F31-E61B-4877-BCE3-42D51C4E9402}.Release|Any CPU.Build.0 = Release|Any CPU
	EndGlobalSection
	GlobalSection(SolutionProperties) = preSolution
		HideSolutionNode = FALSE
	EndGlobalSection
	GlobalSection(ExtensibilityGlobals) = postSolution
		SolutionGuid = {EB3A9B4F-7B76-491D-A994-68DCB20F33BB}
	EndGlobalSection
EndGlobal
