{
  "version": 4,
  "terraform_version": "1.7.2",
  "serial": 8,
  "lineage": "e7cae6b1-60eb-6898-6084-e891f836fd5f",
  "outputs": {
    "webapp_ips": {
      "value": "20.93.51.22,20.93.51.250,20.93.52.7,20.93.49.83,20.93.52.32,20.93.52.85,20.223.96.8,20.223.96.20,20.223.96.41,20.223.96.55,20.223.96.70,20.223.96.141,20.107.224.30",
      "type": "string"
    },
    "webapp_url": {
      "value": "urlshort-krifod-linuxwebapp.azurewebsites.net",
      "type": "string"
    }
  },
  "resources": [
    {
      "mode": "managed",
      "type": "azurerm_app_service_source_control",
      "name": "sourcecontrol",
      "provider": "provider[\"registry.terraform.io/hashicorp/azurerm\"]",
      "instances": [
        {
          "schema_version": 0,
          "attributes": {
            "app_id": "/subscriptions/0ad3f021-5432-4eee-a914-e4a971d7eade/resourceGroups/URLShort-Krifod-ResourceGroup/providers/Microsoft.Web/sites/URLShort-Krifod-LinuxWebApp",
            "branch": "main",
            "github_action_configuration": [],
            "id": "/subscriptions/0ad3f021-5432-4eee-a914-e4a971d7eade/resourceGroups/URLShort-Krifod-ResourceGroup/providers/Microsoft.Web/sites/URLShort-Krifod-LinuxWebApp",
            "repo_url": "https://github.com/KaiserDMC/URLShort-DevOps",
            "rollback_enabled": false,
            "scm_type": "ExternalGit",
            "timeouts": null,
            "use_local_git": false,
            "use_manual_integration": true,
            "use_mercurial": false,
            "uses_github_action": false
          },
          "sensitive_attributes": [],
          "private": "eyJlMmJmYjczMC1lY2FhLTExZTYtOGY4OC0zNDM2M2JjN2M0YzAiOnsiY3JlYXRlIjoxODAwMDAwMDAwMDAwLCJkZWxldGUiOjE4MDAwMDAwMDAwMDAsInJlYWQiOjMwMDAwMDAwMDAwMH19",
          "dependencies": [
            "azurerm_linux_web_app.azureLinuxWebApp",
            "azurerm_mssql_database.sqlDatabase",
            "azurerm_mssql_server.sqlServer",
            "azurerm_resource_group.resGroup",
            "azurerm_service_plan.azureServiceP"
          ]
        }
      ]
    },
    {
      "mode": "managed",
      "type": "azurerm_linux_web_app",
      "name": "azureLinuxWebApp",
      "provider": "provider[\"registry.terraform.io/hashicorp/azurerm\"]",
      "instances": [
        {
          "schema_version": 1,
          "attributes": {
            "app_settings": null,
            "auth_settings": [],
            "auth_settings_v2": [],
            "backup": [],
            "client_affinity_enabled": false,
            "client_certificate_enabled": false,
            "client_certificate_exclusion_paths": "",
            "client_certificate_mode": "Required",
            "connection_string": [
              {
                "name": "DefaultConnection",
                "type": "SQLAzure",
                "value": "Data Source=tcp:urlshort-krifod-sqlserver.database.windows.net,1433;Initial Catalog=URLShort-Krifod-SqlDatabase;User ID=user01;Password=myStrongPassword12#;Trusted_Connection=False; MultipleActiveResultSets=True;"
              }
            ],
            "custom_domain_verification_id": "D75CCE7F7508776F2F0D5CD5D940AD270ACBFD7BF03DD18CE1FB7BAE6E327C87",
            "default_hostname": "urlshort-krifod-linuxwebapp.azurewebsites.net",
            "enabled": true,
            "ftp_publish_basic_authentication_enabled": true,
            "hosting_environment_id": "",
            "https_only": false,
            "id": "/subscriptions/0ad3f021-5432-4eee-a914-e4a971d7eade/resourceGroups/URLShort-Krifod-ResourceGroup/providers/Microsoft.Web/sites/URLShort-Krifod-LinuxWebApp",
            "identity": [],
            "key_vault_reference_identity_id": "SystemAssigned",
            "kind": "app,linux",
            "location": "northeurope",
            "logs": [],
            "name": "URLShort-Krifod-LinuxWebApp",
            "outbound_ip_address_list": [
              "20.93.51.22",
              "20.93.51.250",
              "20.93.52.7",
              "20.93.49.83",
              "20.93.52.32",
              "20.93.52.85",
              "20.223.96.8",
              "20.223.96.20",
              "20.223.96.41",
              "20.223.96.55",
              "20.223.96.70",
              "20.223.96.141",
              "20.107.224.30"
            ],
            "outbound_ip_addresses": "20.93.51.22,20.93.51.250,20.93.52.7,20.93.49.83,20.93.52.32,20.93.52.85,20.223.96.8,20.223.96.20,20.223.96.41,20.223.96.55,20.223.96.70,20.223.96.141,20.107.224.30",
            "possible_outbound_ip_address_list": [
              "20.93.51.22",
              "20.93.51.250",
              "20.93.52.7",
              "20.93.49.83",
              "20.93.52.32",
              "20.93.52.85",
              "20.223.96.8",
              "20.223.96.20",
              "20.223.96.41",
              "20.223.96.55",
              "20.223.96.70",
              "20.223.96.141",
              "20.223.96.142",
              "20.223.96.218",
              "20.223.97.31",
              "20.223.97.71",
              "20.223.97.76",
              "20.223.97.224",
              "20.223.98.13",
              "20.223.98.29",
              "20.223.98.33",
              "20.223.98.152",
              "20.223.99.86",
              "20.223.99.90",
              "20.93.51.22",
              "20.93.51.250",
              "20.93.52.7",
              "20.93.49.83",
              "20.93.52.32",
              "20.93.52.85",
              "20.223.99.157",
              "20.223.99.176",
              "20.223.99.184",
              "20.223.99.223",
              "20.223.99.239",
              "20.223.99.245",
              "20.107.224.30"
            ],
            "possible_outbound_ip_addresses": "20.93.51.22,20.93.51.250,20.93.52.7,20.93.49.83,20.93.52.32,20.93.52.85,20.223.96.8,20.223.96.20,20.223.96.41,20.223.96.55,20.223.96.70,20.223.96.141,20.223.96.142,20.223.96.218,20.223.97.31,20.223.97.71,20.223.97.76,20.223.97.224,20.223.98.13,20.223.98.29,20.223.98.33,20.223.98.152,20.223.99.86,20.223.99.90,20.93.51.22,20.93.51.250,20.93.52.7,20.93.49.83,20.93.52.32,20.93.52.85,20.223.99.157,20.223.99.176,20.223.99.184,20.223.99.223,20.223.99.239,20.223.99.245,20.107.224.30",
            "public_network_access_enabled": true,
            "resource_group_name": "URLShort-Krifod-ResourceGroup",
            "service_plan_id": "/subscriptions/0ad3f021-5432-4eee-a914-e4a971d7eade/resourceGroups/URLShort-Krifod-ResourceGroup/providers/Microsoft.Web/serverFarms/URLShort-Krifod-ServicePlan",
            "site_config": [
              {
                "always_on": false,
                "api_definition_url": "",
                "api_management_api_id": "",
                "app_command_line": "",
                "application_stack": [
                  {
                    "docker_image": "",
                    "docker_image_name": "",
                    "docker_image_tag": "",
                    "docker_registry_password": "",
                    "docker_registry_url": "",
                    "docker_registry_username": "",
                    "dotnet_version": "6.0",
                    "go_version": "",
                    "java_server": "",
                    "java_server_version": "",
                    "java_version": "",
                    "node_version": "",
                    "php_version": "",
                    "python_version": "",
                    "ruby_version": ""
                  }
                ],
                "auto_heal_enabled": false,
                "auto_heal_setting": [],
                "container_registry_managed_identity_client_id": "",
                "container_registry_use_managed_identity": false,
                "cors": [],
                "default_documents": [
                  "Default.htm",
                  "Default.html",
                  "Default.asp",
                  "index.htm",
                  "index.html",
                  "iisstart.htm",
                  "default.aspx",
                  "index.php",
                  "hostingstart.html"
                ],
                "detailed_error_logging_enabled": false,
                "ftps_state": "Disabled",
                "health_check_eviction_time_in_min": 0,
                "health_check_path": "",
                "http2_enabled": false,
                "ip_restriction": [],
                "linux_fx_version": "DOTNETCORE|6.0",
                "load_balancing_mode": "LeastRequests",
                "local_mysql_enabled": false,
                "managed_pipeline_mode": "Integrated",
                "minimum_tls_version": "1.2",
                "remote_debugging_enabled": false,
                "remote_debugging_version": "VS2019",
                "scm_ip_restriction": [],
                "scm_minimum_tls_version": "1.2",
                "scm_type": "None",
                "scm_use_main_ip_restriction": false,
                "use_32_bit_worker": true,
                "vnet_route_all_enabled": false,
                "websockets_enabled": false,
                "worker_count": 1
              }
            ],
            "site_credential": [
              {
                "name": "$URLShort-Krifod-LinuxWebApp",
                "password": "Lm3mzamGqsNaTnbmcs8Bh4BAYcQN0jCaFNmgmmMd1XKfpdwftkmoz3s6wZGC"
              }
            ],
            "sticky_settings": [],
            "storage_account": [],
            "tags": null,
            "timeouts": null,
            "virtual_network_subnet_id": "",
            "webdeploy_publish_basic_authentication_enabled": true,
            "zip_deploy_file": ""
          },
          "sensitive_attributes": [
            [
              {
                "type": "get_attr",
                "value": "connection_string"
              }
            ]
          ],
          "private": "eyJlMmJmYjczMC1lY2FhLTExZTYtOGY4OC0zNDM2M2JjN2M0YzAiOnsiY3JlYXRlIjoxODAwMDAwMDAwMDAwLCJkZWxldGUiOjE4MDAwMDAwMDAwMDAsInJlYWQiOjMwMDAwMDAwMDAwMCwidXBkYXRlIjoxODAwMDAwMDAwMDAwfSwic2NoZW1hX3ZlcnNpb24iOiIxIn0=",
          "dependencies": [
            "azurerm_mssql_database.sqlDatabase",
            "azurerm_mssql_server.sqlServer",
            "azurerm_resource_group.resGroup",
            "azurerm_service_plan.azureServiceP"
          ]
        }
      ]
    },
    {
      "mode": "managed",
      "type": "azurerm_mssql_database",
      "name": "sqlDatabase",
      "provider": "provider[\"registry.terraform.io/hashicorp/azurerm\"]",
      "instances": [
        {
          "schema_version": 1,
          "attributes": {
            "auto_pause_delay_in_minutes": 0,
            "collation": "SQL_Latin1_General_CP1_CI_AS",
            "create_mode": "Default",
            "creation_source_database_id": null,
            "elastic_pool_id": "",
            "enclave_type": "",
            "geo_backup_enabled": true,
            "id": "/subscriptions/0ad3f021-5432-4eee-a914-e4a971d7eade/resourceGroups/URLShort-Krifod-ResourceGroup/providers/Microsoft.Sql/servers/urlshort-krifod-sqlserver/databases/URLShort-Krifod-SqlDatabase",
            "identity": [],
            "import": [],
            "ledger_enabled": false,
            "license_type": "LicenseIncluded",
            "long_term_retention_policy": [
              {
                "immutable_backups_enabled": false,
                "monthly_retention": "PT0S",
                "week_of_year": 1,
                "weekly_retention": "PT0S",
                "yearly_retention": "PT0S"
              }
            ],
            "maintenance_configuration_name": "SQL_Default",
            "max_size_gb": 2,
            "min_capacity": 0,
            "name": "URLShort-Krifod-SqlDatabase",
            "read_replica_count": 0,
            "read_scale": false,
            "recover_database_id": null,
            "restore_dropped_database_id": null,
            "restore_point_in_time": null,
            "sample_name": null,
            "server_id": "/subscriptions/0ad3f021-5432-4eee-a914-e4a971d7eade/resourceGroups/URLShort-Krifod-ResourceGroup/providers/Microsoft.Sql/servers/urlshort-krifod-sqlserver",
            "short_term_retention_policy": [
              {
                "backup_interval_in_hours": 24,
                "retention_days": 7
              }
            ],
            "sku_name": "S0",
            "storage_account_type": "Geo",
            "tags": null,
            "threat_detection_policy": [
              {
                "disabled_alerts": [],
                "email_account_admins": "Disabled",
                "email_addresses": [],
                "retention_days": 0,
                "state": "Disabled",
                "storage_account_access_key": "",
                "storage_endpoint": ""
              }
            ],
            "timeouts": null,
            "transparent_data_encryption_enabled": true,
            "transparent_data_encryption_key_automatic_rotation_enabled": false,
            "transparent_data_encryption_key_vault_key_id": "",
            "zone_redundant": false
          },
          "sensitive_attributes": [],
          "private": "eyJlMmJmYjczMC1lY2FhLTExZTYtOGY4OC0zNDM2M2JjN2M0YzAiOnsiY3JlYXRlIjozNjAwMDAwMDAwMDAwLCJkZWxldGUiOjM2MDAwMDAwMDAwMDAsInJlYWQiOjMwMDAwMDAwMDAwMCwidXBkYXRlIjozNjAwMDAwMDAwMDAwfSwic2NoZW1hX3ZlcnNpb24iOiIxIn0=",
          "dependencies": [
            "azurerm_mssql_server.sqlServer",
            "azurerm_resource_group.resGroup"
          ]
        }
      ]
    },
    {
      "mode": "managed",
      "type": "azurerm_mssql_firewall_rule",
      "name": "firewall",
      "provider": "provider[\"registry.terraform.io/hashicorp/azurerm\"]",
      "instances": [
        {
          "schema_version": 0,
          "attributes": {
            "end_ip_address": "0.0.0.0",
            "id": "/subscriptions/0ad3f021-5432-4eee-a914-e4a971d7eade/resourceGroups/URLShort-Krifod-ResourceGroup/providers/Microsoft.Sql/servers/urlshort-krifod-sqlserver/firewallRules/URLShort-Krifod-Firewall",
            "name": "URLShort-Krifod-Firewall",
            "server_id": "/subscriptions/0ad3f021-5432-4eee-a914-e4a971d7eade/resourceGroups/URLShort-Krifod-ResourceGroup/providers/Microsoft.Sql/servers/urlshort-krifod-sqlserver",
            "start_ip_address": "0.0.0.0",
            "timeouts": null
          },
          "sensitive_attributes": [],
          "private": "eyJlMmJmYjczMC1lY2FhLTExZTYtOGY4OC0zNDM2M2JjN2M0YzAiOnsiY3JlYXRlIjoxODAwMDAwMDAwMDAwLCJkZWxldGUiOjE4MDAwMDAwMDAwMDAsInJlYWQiOjMwMDAwMDAwMDAwMCwidXBkYXRlIjoxODAwMDAwMDAwMDAwfX0=",
          "dependencies": [
            "azurerm_mssql_server.sqlServer",
            "azurerm_resource_group.resGroup"
          ]
        }
      ]
    },
    {
      "mode": "managed",
      "type": "azurerm_mssql_server",
      "name": "sqlServer",
      "provider": "provider[\"registry.terraform.io/hashicorp/azurerm\"]",
      "instances": [
        {
          "schema_version": 0,
          "attributes": {
            "administrator_login": "user01",
            "administrator_login_password": "myStrongPassword12#",
            "azuread_administrator": [],
            "connection_policy": "Default",
            "fully_qualified_domain_name": "urlshort-krifod-sqlserver.database.windows.net",
            "id": "/subscriptions/0ad3f021-5432-4eee-a914-e4a971d7eade/resourceGroups/URLShort-Krifod-ResourceGroup/providers/Microsoft.Sql/servers/urlshort-krifod-sqlserver",
            "identity": [],
            "location": "northeurope",
            "minimum_tls_version": "1.2",
            "name": "urlshort-krifod-sqlserver",
            "outbound_network_restriction_enabled": false,
            "primary_user_assigned_identity_id": "",
            "public_network_access_enabled": true,
            "resource_group_name": "URLShort-Krifod-ResourceGroup",
            "restorable_dropped_database_ids": [],
            "tags": null,
            "timeouts": null,
            "transparent_data_encryption_key_vault_key_id": "",
            "version": "12.0"
          },
          "sensitive_attributes": [],
          "private": "eyJlMmJmYjczMC1lY2FhLTExZTYtOGY4OC0zNDM2M2JjN2M0YzAiOnsiY3JlYXRlIjozNjAwMDAwMDAwMDAwLCJkZWxldGUiOjM2MDAwMDAwMDAwMDAsInJlYWQiOjMwMDAwMDAwMDAwMCwidXBkYXRlIjozNjAwMDAwMDAwMDAwfX0=",
          "dependencies": [
            "azurerm_resource_group.resGroup"
          ]
        }
      ]
    },
    {
      "mode": "managed",
      "type": "azurerm_resource_group",
      "name": "resGroup",
      "provider": "provider[\"registry.terraform.io/hashicorp/azurerm\"]",
      "instances": [
        {
          "schema_version": 0,
          "attributes": {
            "id": "/subscriptions/0ad3f021-5432-4eee-a914-e4a971d7eade/resourceGroups/URLShort-Krifod-ResourceGroup",
            "location": "northeurope",
            "managed_by": "",
            "name": "URLShort-Krifod-ResourceGroup",
            "tags": null,
            "timeouts": null
          },
          "sensitive_attributes": [],
          "private": "eyJlMmJmYjczMC1lY2FhLTExZTYtOGY4OC0zNDM2M2JjN2M0YzAiOnsiY3JlYXRlIjo1NDAwMDAwMDAwMDAwLCJkZWxldGUiOjU0MDAwMDAwMDAwMDAsInJlYWQiOjMwMDAwMDAwMDAwMCwidXBkYXRlIjo1NDAwMDAwMDAwMDAwfX0="
        }
      ]
    },
    {
      "mode": "managed",
      "type": "azurerm_service_plan",
      "name": "azureServiceP",
      "provider": "provider[\"registry.terraform.io/hashicorp/azurerm\"]",
      "instances": [
        {
          "schema_version": 1,
          "attributes": {
            "app_service_environment_id": "",
            "id": "/subscriptions/0ad3f021-5432-4eee-a914-e4a971d7eade/resourceGroups/URLShort-Krifod-ResourceGroup/providers/Microsoft.Web/serverFarms/URLShort-Krifod-ServicePlan",
            "kind": "linux",
            "location": "northeurope",
            "maximum_elastic_worker_count": 1,
            "name": "URLShort-Krifod-ServicePlan",
            "os_type": "Linux",
            "per_site_scaling_enabled": false,
            "reserved": true,
            "resource_group_name": "URLShort-Krifod-ResourceGroup",
            "sku_name": "F1",
            "tags": null,
            "timeouts": null,
            "worker_count": 1,
            "zone_balancing_enabled": false
          },
          "sensitive_attributes": [],
          "private": "eyJlMmJmYjczMC1lY2FhLTExZTYtOGY4OC0zNDM2M2JjN2M0YzAiOnsiY3JlYXRlIjozNjAwMDAwMDAwMDAwLCJkZWxldGUiOjM2MDAwMDAwMDAwMDAsInJlYWQiOjMwMDAwMDAwMDAwMCwidXBkYXRlIjozNjAwMDAwMDAwMDAwfSwic2NoZW1hX3ZlcnNpb24iOiIxIn0=",
          "dependencies": [
            "azurerm_resource_group.resGroup"
          ]
        }
      ]
    }
  ],
  "check_results": null
}
