
Microsoft Visual Studio Solution File, Format Version 12.00
# Visual Studio Version 17
VisualStudioVersion = 17.3.32929.385
MinimumVisualStudioVersion = 10.0.40219.1
Project("{FAE04EC0-301F-11D3-BF4B-00C04F79EFBC}") = "Contacts", "Contacts\Contacts.csproj", "{A8F750CC-753A-4181-999D-721F1C40C23D}"
EndProject
Global
	GlobalSection(SolutionConfigurationPlatforms) = preSolution
		Debug|Any CPU = Debug|Any CPU
		Release|Any CPU = Release|Any CPU
	EndGlobalSection
	GlobalSection(ProjectConfigurationPlatforms) = postSolution
		{A8F750CC-753A-4181-999D-721F1C40C23D}.Debug|Any CPU.ActiveCfg = Debug|Any CPU
		{A8F750CC-753A-4181-999D-721F1C40C23D}.Debug|Any CPU.Build.0 = Debug|Any CPU
		{A8F750CC-753A-4181-999D-721F1C40C23D}.Release|Any CPU.ActiveCfg = Release|Any CPU
		{A8F750CC-753A-4181-999D-721F1C40C23D}.Release|Any CPU.Build.0 = Release|Any CPU
	EndGlobalSection
	GlobalSection(SolutionProperties) = preSolution
		HideSolutionNode = FALSE
	EndGlobalSection
	GlobalSection(ExtensibilityGlobals) = postSolution
		SolutionGuid = {03AC5734-AB67-4D63-B10E-1B61C88952D5}
	EndGlobalSection
EndGlobal
