
Microsoft Visual Studio Solution File, Format Version 12.00
# Visual Studio Version 16
VisualStudioVersion = 16.0.32630.194
MinimumVisualStudioVersion = 10.0.40219.1
Project("{FAE04EC0-301F-11D3-BF4B-00C04F79EFBC}") = "ChangeBureau", "ChangeBureau\ChangeBureau.csproj", "{A8A817DB-0D81-45D4-8E6D-D0B8DEC68A40}"
EndProject
Project("{FAE04EC0-301F-11D3-BF4B-00C04F79EFBC}") = "MointainRun", "MointainRun\MointainRun.csproj", "{73A53DC0-60A3-4DBB-8583-22C239BD4798}"
EndProject
Project("{FAE04EC0-301F-11D3-BF4B-00C04F79EFBC}") = "EnergyBooster", "EnergyBooster\EnergyBooster.csproj", "{B3488349-F4A1-458F-87E6-5BFD899235D3}"
EndProject
Project("{FAE04EC0-301F-11D3-BF4B-00C04F79EFBC}") = "TrekkingMania", "TrekkingMania\TrekkingMania.csproj", "{B78D2936-F4A7-4A66-A7D7-681AD971E96A}"
EndProject
Project("{FAE04EC0-301F-11D3-BF4B-00C04F79EFBC}") = "SuitcaseLoad", "SuitcaseLoad\SuitcaseLoad.csproj", "{6547CEC7-1E84-406D-85B8-80C8DCBA17CE}"
EndProject
Project("{FAE04EC0-301F-11D3-BF4B-00C04F79EFBC}") = "TournamentOfChristmas", "TournamentOfChristmas\TournamentOfChristmas.csproj", "{FB7FB292-6BA6-41B3-A761-92ED5642460B}"
EndProject
Project("{FAE04EC0-301F-11D3-BF4B-00C04F79EFBC}") = "CoffeeMachine", "CoffeeMachine\CoffeeMachine.csproj", "{8CAEF7EC-A2A9-49B8-929D-08F905794A00}"
EndProject
Project("{FAE04EC0-301F-11D3-BF4B-00C04F79EFBC}") = "BarcodeGenerator", "BarcodeGenerator\BarcodeGenerator.csproj", "{134780A7-97E4-483A-A8D1-1CA1A793C929}"
EndProject
Project("{FAE04EC0-301F-11D3-BF4B-00C04F79EFBC}") = "FavouriteMovie", "FavouriteMovie\FavouriteMovie.csproj", "{147EFBEA-E4CD-4200-87C6-BA183EF566F1}"
EndProject
Global
	GlobalSection(SolutionConfigurationPlatforms) = preSolution
		Debug|Any CPU = Debug|Any CPU
		Release|Any CPU = Release|Any CPU
	EndGlobalSection
	GlobalSection(ProjectConfigurationPlatforms) = postSolution
		{A8A817DB-0D81-45D4-8E6D-D0B8DEC68A40}.Debug|Any CPU.ActiveCfg = Debug|Any CPU
		{A8A817DB-0D81-45D4-8E6D-D0B8DEC68A40}.Debug|Any CPU.Build.0 = Debug|Any CPU
		{A8A817DB-0D81-45D4-8E6D-D0B8DEC68A40}.Release|Any CPU.ActiveCfg = Release|Any CPU
		{A8A817DB-0D81-45D4-8E6D-D0B8DEC68A40}.Release|Any CPU.Build.0 = Release|Any CPU
		{73A53DC0-60A3-4DBB-8583-22C239BD4798}.Debug|Any CPU.ActiveCfg = Debug|Any CPU
		{73A53DC0-60A3-4DBB-8583-22C239BD4798}.Debug|Any CPU.Build.0 = Debug|Any CPU
		{73A53DC0-60A3-4DBB-8583-22C239BD4798}.Release|Any CPU.ActiveCfg = Release|Any CPU
		{73A53DC0-60A3-4DBB-8583-22C239BD4798}.Release|Any CPU.Build.0 = Release|Any CPU
		{B3488349-F4A1-458F-87E6-5BFD899235D3}.Debug|Any CPU.ActiveCfg = Debug|Any CPU
		{B3488349-F4A1-458F-87E6-5BFD899235D3}.Debug|Any CPU.Build.0 = Debug|Any CPU
		{B3488349-F4A1-458F-87E6-5BFD899235D3}.Release|Any CPU.ActiveCfg = Release|Any CPU
		{B3488349-F4A1-458F-87E6-5BFD899235D3}.Release|Any CPU.Build.0 = Release|Any CPU
		{B78D2936-F4A7-4A66-A7D7-681AD971E96A}.Debug|Any CPU.ActiveCfg = Debug|Any CPU
		{B78D2936-F4A7-4A66-A7D7-681AD971E96A}.Debug|Any CPU.Build.0 = Debug|Any CPU
		{B78D2936-F4A7-4A66-A7D7-681AD971E96A}.Release|Any CPU.ActiveCfg = Release|Any CPU
		{B78D2936-F4A7-4A66-A7D7-681AD971E96A}.Release|Any CPU.Build.0 = Release|Any CPU
		{6547CEC7-1E84-406D-85B8-80C8DCBA17CE}.Debug|Any CPU.ActiveCfg = Debug|Any CPU
		{6547CEC7-1E84-406D-85B8-80C8DCBA17CE}.Debug|Any CPU.Build.0 = Debug|Any CPU
		{6547CEC7-1E84-406D-85B8-80C8DCBA17CE}.Release|Any CPU.ActiveCfg = Release|Any CPU
		{6547CEC7-1E84-406D-85B8-80C8DCBA17CE}.Release|Any CPU.Build.0 = Release|Any CPU
		{FB7FB292-6BA6-41B3-A761-92ED5642460B}.Debug|Any CPU.ActiveCfg = Debug|Any CPU
		{FB7FB292-6BA6-41B3-A761-92ED5642460B}.Debug|Any CPU.Build.0 = Debug|Any CPU
		{FB7FB292-6BA6-41B3-A761-92ED5642460B}.Release|Any CPU.ActiveCfg = Release|Any CPU
		{FB7FB292-6BA6-41B3-A761-92ED5642460B}.Release|Any CPU.Build.0 = Release|Any CPU
		{8CAEF7EC-A2A9-49B8-929D-08F905794A00}.Debug|Any CPU.ActiveCfg = Debug|Any CPU
		{8CAEF7EC-A2A9-49B8-929D-08F905794A00}.Debug|Any CPU.Build.0 = Debug|Any CPU
		{8CAEF7EC-A2A9-49B8-929D-08F905794A00}.Release|Any CPU.ActiveCfg = Release|Any CPU
		{8CAEF7EC-A2A9-49B8-929D-08F905794A00}.Release|Any CPU.Build.0 = Release|Any CPU
		{134780A7-97E4-483A-A8D1-1CA1A793C929}.Debug|Any CPU.ActiveCfg = Debug|Any CPU
		{134780A7-97E4-483A-A8D1-1CA1A793C929}.Debug|Any CPU.Build.0 = Debug|Any CPU
		{134780A7-97E4-483A-A8D1-1CA1A793C929}.Release|Any CPU.ActiveCfg = Release|Any CPU
		{134780A7-97E4-483A-A8D1-1CA1A793C929}.Release|Any CPU.Build.0 = Release|Any CPU
		{147EFBEA-E4CD-4200-87C6-BA183EF566F1}.Debug|Any CPU.ActiveCfg = Debug|Any CPU
		{147EFBEA-E4CD-4200-87C6-BA183EF566F1}.Debug|Any CPU.Build.0 = Debug|Any CPU
		{147EFBEA-E4CD-4200-87C6-BA183EF566F1}.Release|Any CPU.ActiveCfg = Release|Any CPU
		{147EFBEA-E4CD-4200-87C6-BA183EF566F1}.Release|Any CPU.Build.0 = Release|Any CPU
	EndGlobalSection
	GlobalSection(SolutionProperties) = preSolution
		HideSolutionNode = FALSE
	EndGlobalSection
	GlobalSection(ExtensibilityGlobals) = postSolution
		SolutionGuid = {09A63A41-A5E5-4453-8CB5-F27A910C3BC7}
	EndGlobalSection
EndGlobal
