
Microsoft Visual Studio Solution File, Format Version 12.00
# Visual Studio Version 16
VisualStudioVersion = 16.0.32929.386
MinimumVisualStudioVersion = 10.0.40219.1
Project("{FAE04EC0-301F-11D3-BF4B-00C04F79EFBC}") = "SingleInheritance", "SingleInheritance\SingleInheritance.csproj", "{BED914AF-8850-4C0E-898C-1C27FE38C40F}"
EndProject
Project("{FAE04EC0-301F-11D3-BF4B-00C04F79EFBC}") = "MultipleInheritance", "MultipleInheritance\MultipleInheritance.csproj", "{FBA19C2D-7909-4B10-ACF2-C713801BC20A}"
EndProject
Project("{FAE04EC0-301F-11D3-BF4B-00C04F79EFBC}") = "HierarchicalInheritance", "HierarchicalInheritance\HierarchicalInheritance.csproj", "{D6ABC05D-C733-4C6C-9F02-0004A0C505AE}"
EndProject
Project("{FAE04EC0-301F-11D3-BF4B-00C04F79EFBC}") = "RandomList", "RandomList\RandomList.csproj", "{15B5E90C-F43C-425D-AD6E-94D5A34AA6AE}"
EndProject
Project("{FAE04EC0-301F-11D3-BF4B-00C04F79EFBC}") = "StackOfStrings", "StackOfStrings\StackOfStrings.csproj", "{0592DFDF-8679-41F4-B7AA-328BF8EDF71F}"
EndProject
Global
	GlobalSection(SolutionConfigurationPlatforms) = preSolution
		Debug|Any CPU = Debug|Any CPU
		Release|Any CPU = Release|Any CPU
	EndGlobalSection
	GlobalSection(ProjectConfigurationPlatforms) = postSolution
		{BED914AF-8850-4C0E-898C-1C27FE38C40F}.Debug|Any CPU.ActiveCfg = Debug|Any CPU
		{BED914AF-8850-4C0E-898C-1C27FE38C40F}.Debug|Any CPU.Build.0 = Debug|Any CPU
		{BED914AF-8850-4C0E-898C-1C27FE38C40F}.Release|Any CPU.ActiveCfg = Release|Any CPU
		{BED914AF-8850-4C0E-898C-1C27FE38C40F}.Release|Any CPU.Build.0 = Release|Any CPU
		{FBA19C2D-7909-4B10-ACF2-C713801BC20A}.Debug|Any CPU.ActiveCfg = Debug|Any CPU
		{FBA19C2D-7909-4B10-ACF2-C713801BC20A}.Debug|Any CPU.Build.0 = Debug|Any CPU
		{FBA19C2D-7909-4B10-ACF2-C713801BC20A}.Release|Any CPU.ActiveCfg = Release|Any CPU
		{FBA19C2D-7909-4B10-ACF2-C713801BC20A}.Release|Any CPU.Build.0 = Release|Any CPU
		{D6ABC05D-C733-4C6C-9F02-0004A0C505AE}.Debug|Any CPU.ActiveCfg = Debug|Any CPU
		{D6ABC05D-C733-4C6C-9F02-0004A0C505AE}.Debug|Any CPU.Build.0 = Debug|Any CPU
		{D6ABC05D-C733-4C6C-9F02-0004A0C505AE}.Release|Any CPU.ActiveCfg = Release|Any CPU
		{D6ABC05D-C733-4C6C-9F02-0004A0C505AE}.Release|Any CPU.Build.0 = Release|Any CPU
		{15B5E90C-F43C-425D-AD6E-94D5A34AA6AE}.Debug|Any CPU.ActiveCfg = Debug|Any CPU
		{15B5E90C-F43C-425D-AD6E-94D5A34AA6AE}.Debug|Any CPU.Build.0 = Debug|Any CPU
		{15B5E90C-F43C-425D-AD6E-94D5A34AA6AE}.Release|Any CPU.ActiveCfg = Release|Any CPU
		{15B5E90C-F43C-425D-AD6E-94D5A34AA6AE}.Release|Any CPU.Build.0 = Release|Any CPU
		{0592DFDF-8679-41F4-B7AA-328BF8EDF71F}.Debug|Any CPU.ActiveCfg = Debug|Any CPU
		{0592DFDF-8679-41F4-B7AA-328BF8EDF71F}.Debug|Any CPU.Build.0 = Debug|Any CPU
		{0592DFDF-8679-41F4-B7AA-328BF8EDF71F}.Release|Any CPU.ActiveCfg = Release|Any CPU
		{0592DFDF-8679-41F4-B7AA-328BF8EDF71F}.Release|Any CPU.Build.0 = Release|Any CPU
	EndGlobalSection
	GlobalSection(SolutionProperties) = preSolution
		HideSolutionNode = FALSE
	EndGlobalSection
	GlobalSection(ExtensibilityGlobals) = postSolution
		SolutionGuid = {AC271ACF-179D-4287-91A0-0B6C8E173653}
	EndGlobalSection
EndGlobal
