
Microsoft Visual Studio Solution File, Format Version 12.00
# Visual Studio Version 17
VisualStudioVersion = 17.4.33205.214
MinimumVisualStudioVersion = 10.0.40219.1
Project("{9A19103F-16F7-4668-BE54-9A1E7A4F7556}") = "SoftUniBazar", "SoftUniBazar\SoftUniBazar.csproj", "{337DBB45-1077-4F49-8F9A-824477D249BC}"
EndProject
Project("{FAE04EC0-301F-11D3-BF4B-00C04F79EFBC}") = "SoftUniBazar.Data", "SoftUniBazar.Data\SoftUniBazar.Data.csproj", "{19128D6F-73A1-4CC0-8120-3654E6B61FB6}"
EndProject
Global
	GlobalSection(SolutionConfigurationPlatforms) = preSolution
		Debug|Any CPU = Debug|Any CPU
		Release|Any CPU = Release|Any CPU
	EndGlobalSection
	GlobalSection(ProjectConfigurationPlatforms) = postSolution
		{337DBB45-1077-4F49-8F9A-824477D249BC}.Debug|Any CPU.ActiveCfg = Debug|Any CPU
		{337DBB45-1077-4F49-8F9A-824477D249BC}.Debug|Any CPU.Build.0 = Debug|Any CPU
		{337DBB45-1077-4F49-8F9A-824477D249BC}.Release|Any CPU.ActiveCfg = Release|Any CPU
		{337DBB45-1077-4F49-8F9A-824477D249BC}.Release|Any CPU.Build.0 = Release|Any CPU
		{19128D6F-73A1-4CC0-8120-3654E6B61FB6}.Debug|Any CPU.ActiveCfg = Debug|Any CPU
		{19128D6F-73A1-4CC0-8120-3654E6B61FB6}.Debug|Any CPU.Build.0 = Debug|Any CPU
		{19128D6F-73A1-4CC0-8120-3654E6B61FB6}.Release|Any CPU.ActiveCfg = Release|Any CPU
		{19128D6F-73A1-4CC0-8120-3654E6B61FB6}.Release|Any CPU.Build.0 = Release|Any CPU
	EndGlobalSection
	GlobalSection(SolutionProperties) = preSolution
		HideSolutionNode = FALSE
	EndGlobalSection
	GlobalSection(ExtensibilityGlobals) = postSolution
		SolutionGuid = {5BBB8DDE-FFF4-426A-9F90-50DFBD2FAE3F}
	EndGlobalSection
EndGlobal
