
Microsoft Visual Studio Solution File, Format Version 12.00
# Visual Studio Version 16
VisualStudioVersion = 16.0.32602.291
MinimumVisualStudioVersion = 10.0.40219.1
Project("{FAE04EC0-301F-11D3-BF4B-00C04F79EFBC}") = "TheLift", "TheLift\TheLift.csproj", "{FE30C40D-F61D-4964-AD39-9FB090D90213}"
EndProject
Global
	GlobalSection(SolutionConfigurationPlatforms) = preSolution
		Debug|Any CPU = Debug|Any CPU
		Release|Any CPU = Release|Any CPU
	EndGlobalSection
	GlobalSection(ProjectConfigurationPlatforms) = postSolution
		{FE30C40D-F61D-4964-AD39-9FB090D90213}.Debug|Any CPU.ActiveCfg = Debug|Any CPU
		{FE30C40D-F61D-4964-AD39-9FB090D90213}.Debug|Any CPU.Build.0 = Debug|Any CPU
		{FE30C40D-F61D-4964-AD39-9FB090D90213}.Release|Any CPU.ActiveCfg = Release|Any CPU
		{FE30C40D-F61D-4964-AD39-9FB090D90213}.Release|Any CPU.Build.0 = Release|Any CPU
	EndGlobalSection
	GlobalSection(SolutionProperties) = preSolution
		HideSolutionNode = FALSE
	EndGlobalSection
	GlobalSection(ExtensibilityGlobals) = postSolution
		SolutionGuid = {A6E2B3B4-2129-48F5-860B-03D960D74173}
	EndGlobalSection
EndGlobal
