
Microsoft Visual Studio Solution File, Format Version 12.00
# Visual Studio Version 16
VisualStudioVersion = 16.0.32510.428
MinimumVisualStudioVersion = 10.0.40219.1
Project("{9A19103F-16F7-4668-BE54-9A1E7A4F7556}") = "SmallestOfThreeNumbers", "SmallestOfThreeNumbers\SmallestOfThreeNumbers.csproj", "{3CBE6DAC-25FF-4DD4-B6F4-44CC4836E9D1}"
EndProject
Project("{9A19103F-16F7-4668-BE54-9A1E7A4F7556}") = "VowelsCount", "VowelsCount\VowelsCount.csproj", "{125FCB46-83F3-49BC-8C76-5A7D0DF65DBA}"
EndProject
Project("{9A19103F-16F7-4668-BE54-9A1E7A4F7556}") = "CharactersInRange", "CharactersInRange\CharactersInRange.csproj", "{D7231E33-6A52-4A61-BBFA-A60C24DCB0DA}"
EndProject
Project("{9A19103F-16F7-4668-BE54-9A1E7A4F7556}") = "PasswordValidator", "PasswordValidator\PasswordValidator.csproj", "{B2DA5720-16BA-437A-B214-26EA1BE9B7BE}"
EndProject
Project("{9A19103F-16F7-4668-BE54-9A1E7A4F7556}") = "AddAndSubstract", "AddAndSubstract\AddAndSubstract.csproj", "{277D2050-FFA5-42B7-AE40-DC20B582DFE3}"
EndProject
Project("{9A19103F-16F7-4668-BE54-9A1E7A4F7556}") = "MiddleCharacters", "MiddleCharacters\MiddleCharacters.csproj", "{51BBACFB-0844-4664-987E-0DED9C3BBD29}"
EndProject
Project("{9A19103F-16F7-4668-BE54-9A1E7A4F7556}") = "NxNMatrix", "NxNMatrix\NxNMatrix.csproj", "{02F7591A-1625-4854-88BF-F517D18ECAB5}"
EndProject
Project("{9A19103F-16F7-4668-BE54-9A1E7A4F7556}") = "FactorialDivision", "FactorialDivision\FactorialDivision.csproj", "{EE966636-3443-4DBE-B9A9-54C9987CF981}"
EndProject
Project("{FAE04EC0-301F-11D3-BF4B-00C04F79EFBC}") = "PalindromeIntegers", "PalindromeIntegers\PalindromeIntegers.csproj", "{60E02804-515E-4988-BDC0-C7D7B735AF02}"
EndProject
Project("{FAE04EC0-301F-11D3-BF4B-00C04F79EFBC}") = "TopNumber", "TopNumber\TopNumber.csproj", "{86874A71-4E0C-4186-9B82-C9100BBB62CA}"
EndProject
Project("{FAE04EC0-301F-11D3-BF4B-00C04F79EFBC}") = "ArrayManipulator", "ArrayManipulator\ArrayManipulator.csproj", "{1577454F-A778-4BC4-9ACF-2502B72FDA25}"
EndProject
Global
	GlobalSection(SolutionConfigurationPlatforms) = preSolution
		Debug|Any CPU = Debug|Any CPU
		Release|Any CPU = Release|Any CPU
	EndGlobalSection
	GlobalSection(ProjectConfigurationPlatforms) = postSolution
		{3CBE6DAC-25FF-4DD4-B6F4-44CC4836E9D1}.Debug|Any CPU.ActiveCfg = Debug|Any CPU
		{3CBE6DAC-25FF-4DD4-B6F4-44CC4836E9D1}.Debug|Any CPU.Build.0 = Debug|Any CPU
		{3CBE6DAC-25FF-4DD4-B6F4-44CC4836E9D1}.Release|Any CPU.ActiveCfg = Release|Any CPU
		{3CBE6DAC-25FF-4DD4-B6F4-44CC4836E9D1}.Release|Any CPU.Build.0 = Release|Any CPU
		{125FCB46-83F3-49BC-8C76-5A7D0DF65DBA}.Debug|Any CPU.ActiveCfg = Debug|Any CPU
		{125FCB46-83F3-49BC-8C76-5A7D0DF65DBA}.Debug|Any CPU.Build.0 = Debug|Any CPU
		{125FCB46-83F3-49BC-8C76-5A7D0DF65DBA}.Release|Any CPU.ActiveCfg = Release|Any CPU
		{125FCB46-83F3-49BC-8C76-5A7D0DF65DBA}.Release|Any CPU.Build.0 = Release|Any CPU
		{D7231E33-6A52-4A61-BBFA-A60C24DCB0DA}.Debug|Any CPU.ActiveCfg = Debug|Any CPU
		{D7231E33-6A52-4A61-BBFA-A60C24DCB0DA}.Debug|Any CPU.Build.0 = Debug|Any CPU
		{D7231E33-6A52-4A61-BBFA-A60C24DCB0DA}.Release|Any CPU.ActiveCfg = Release|Any CPU
		{D7231E33-6A52-4A61-BBFA-A60C24DCB0DA}.Release|Any CPU.Build.0 = Release|Any CPU
		{B2DA5720-16BA-437A-B214-26EA1BE9B7BE}.Debug|Any CPU.ActiveCfg = Debug|Any CPU
		{B2DA5720-16BA-437A-B214-26EA1BE9B7BE}.Debug|Any CPU.Build.0 = Debug|Any CPU
		{B2DA5720-16BA-437A-B214-26EA1BE9B7BE}.Release|Any CPU.ActiveCfg = Release|Any CPU
		{B2DA5720-16BA-437A-B214-26EA1BE9B7BE}.Release|Any CPU.Build.0 = Release|Any CPU
		{277D2050-FFA5-42B7-AE40-DC20B582DFE3}.Debug|Any CPU.ActiveCfg = Debug|Any CPU
		{277D2050-FFA5-42B7-AE40-DC20B582DFE3}.Debug|Any CPU.Build.0 = Debug|Any CPU
		{277D2050-FFA5-42B7-AE40-DC20B582DFE3}.Release|Any CPU.ActiveCfg = Release|Any CPU
		{277D2050-FFA5-42B7-AE40-DC20B582DFE3}.Release|Any CPU.Build.0 = Release|Any CPU
		{51BBACFB-0844-4664-987E-0DED9C3BBD29}.Debug|Any CPU.ActiveCfg = Debug|Any CPU
		{51BBACFB-0844-4664-987E-0DED9C3BBD29}.Debug|Any CPU.Build.0 = Debug|Any CPU
		{51BBACFB-0844-4664-987E-0DED9C3BBD29}.Release|Any CPU.ActiveCfg = Release|Any CPU
		{51BBACFB-0844-4664-987E-0DED9C3BBD29}.Release|Any CPU.Build.0 = Release|Any CPU
		{02F7591A-1625-4854-88BF-F517D18ECAB5}.Debug|Any CPU.ActiveCfg = Debug|Any CPU
		{02F7591A-1625-4854-88BF-F517D18ECAB5}.Debug|Any CPU.Build.0 = Debug|Any CPU
		{02F7591A-1625-4854-88BF-F517D18ECAB5}.Release|Any CPU.ActiveCfg = Release|Any CPU
		{02F7591A-1625-4854-88BF-F517D18ECAB5}.Release|Any CPU.Build.0 = Release|Any CPU
		{EE966636-3443-4DBE-B9A9-54C9987CF981}.Debug|Any CPU.ActiveCfg = Debug|Any CPU
		{EE966636-3443-4DBE-B9A9-54C9987CF981}.Debug|Any CPU.Build.0 = Debug|Any CPU
		{EE966636-3443-4DBE-B9A9-54C9987CF981}.Release|Any CPU.ActiveCfg = Release|Any CPU
		{EE966636-3443-4DBE-B9A9-54C9987CF981}.Release|Any CPU.Build.0 = Release|Any CPU
		{60E02804-515E-4988-BDC0-C7D7B735AF02}.Debug|Any CPU.ActiveCfg = Debug|Any CPU
		{60E02804-515E-4988-BDC0-C7D7B735AF02}.Debug|Any CPU.Build.0 = Debug|Any CPU
		{60E02804-515E-4988-BDC0-C7D7B735AF02}.Release|Any CPU.ActiveCfg = Release|Any CPU
		{60E02804-515E-4988-BDC0-C7D7B735AF02}.Release|Any CPU.Build.0 = Release|Any CPU
		{86874A71-4E0C-4186-9B82-C9100BBB62CA}.Debug|Any CPU.ActiveCfg = Debug|Any CPU
		{86874A71-4E0C-4186-9B82-C9100BBB62CA}.Debug|Any CPU.Build.0 = Debug|Any CPU
		{86874A71-4E0C-4186-9B82-C9100BBB62CA}.Release|Any CPU.ActiveCfg = Release|Any CPU
		{86874A71-4E0C-4186-9B82-C9100BBB62CA}.Release|Any CPU.Build.0 = Release|Any CPU
		{1577454F-A778-4BC4-9ACF-2502B72FDA25}.Debug|Any CPU.ActiveCfg = Debug|Any CPU
		{1577454F-A778-4BC4-9ACF-2502B72FDA25}.Debug|Any CPU.Build.0 = Debug|Any CPU
		{1577454F-A778-4BC4-9ACF-2502B72FDA25}.Release|Any CPU.ActiveCfg = Release|Any CPU
		{1577454F-A778-4BC4-9ACF-2502B72FDA25}.Release|Any CPU.Build.0 = Release|Any CPU
	EndGlobalSection
	GlobalSection(SolutionProperties) = preSolution
		HideSolutionNode = FALSE
	EndGlobalSection
	GlobalSection(ExtensibilityGlobals) = postSolution
		SolutionGuid = {39C0E001-E45C-49DF-B5D1-D4168EBCE1DA}
	EndGlobalSection
EndGlobal
