
Microsoft Visual Studio Solution File, Format Version 12.00
# Visual Studio Version 17
VisualStudioVersion = 17.2.32526.322
MinimumVisualStudioVersion = 10.0.40219.1
Project("{FAE04EC0-301F-11D3-BF4B-00C04F79EFBC}") = "IdentityAdvancedDemo", "IdentityAdvancedDemo\IdentityAdvancedDemo.csproj", "{1A73F98A-0A65-49D8-9CBC-B68C572E7BC3}"
EndProject
Global
	GlobalSection(SolutionConfigurationPlatforms) = preSolution
		Debug|Any CPU = Debug|Any CPU
		Release|Any CPU = Release|Any CPU
	EndGlobalSection
	GlobalSection(ProjectConfigurationPlatforms) = postSolution
		{1A73F98A-0A65-49D8-9CBC-B68C572E7BC3}.Debug|Any CPU.ActiveCfg = Debug|Any CPU
		{1A73F98A-0A65-49D8-9CBC-B68C572E7BC3}.Debug|Any CPU.Build.0 = Debug|Any CPU
		{1A73F98A-0A65-49D8-9CBC-B68C572E7BC3}.Release|Any CPU.ActiveCfg = Release|Any CPU
		{1A73F98A-0A65-49D8-9CBC-B68C572E7BC3}.Release|Any CPU.Build.0 = Release|Any CPU
	EndGlobalSection
	GlobalSection(SolutionProperties) = preSolution
		HideSolutionNode = FALSE
	EndGlobalSection
	GlobalSection(ExtensibilityGlobals) = postSolution
		SolutionGuid = {BE21F57E-F140-4BB5-B21C-D16571786136}
	EndGlobalSection
EndGlobal
